
Microsoft Visual Studio Solution File, Format Version 12.00
# Visual Studio Version 16
VisualStudioVersion = 16.0.810.8
MinimumVisualStudioVersion = 10.0.40219.1
Project("{FAE04EC0-301F-11D3-BF4B-00C04F79EFBC}") = "Actividad4", "Actividad4.csproj", "{270321AD-ACB3-4697-BA7C-435F95F4AB9C}"
EndProject
Global
	GlobalSection(SolutionConfigurationPlatforms) = preSolution
		Debug|Any CPU = Debug|Any CPU
		Release|Any CPU = Release|Any CPU
	EndGlobalSection
	GlobalSection(ProjectConfigurationPlatforms) = postSolution
		{270321AD-ACB3-4697-BA7C-435F95F4AB9C}.Debug|Any CPU.ActiveCfg = Debug|Any CPU
		{270321AD-ACB3-4697-BA7C-435F95F4AB9C}.Debug|Any CPU.Build.0 = Debug|Any CPU
		{270321AD-ACB3-4697-BA7C-435F95F4AB9C}.Release|Any CPU.ActiveCfg = Release|Any CPU
		{270321AD-ACB3-4697-BA7C-435F95F4AB9C}.Release|Any CPU.Build.0 = Release|Any CPU
	EndGlobalSection
	GlobalSection(SolutionProperties) = preSolution
		HideSolutionNode = FALSE
	EndGlobalSection
	GlobalSection(ExtensibilityGlobals) = postSolution
		SolutionGuid = {7B04A69C-5F80-4A6E-A079-C14581D0AD6B}
	EndGlobalSection
EndGlobal
