
Microsoft Visual Studio Solution File, Format Version 12.00
# Visual Studio Version 16
VisualStudioVersion = 16.0.810.13
MinimumVisualStudioVersion = 10.0.40219.1
Project("{FAE04EC0-301F-11D3-BF4B-00C04F79EFBC}") = "P8.10-Act4", "P8.10-Act4.csproj", "{1A95612A-9FED-4FC0-B0B1-159D59F1FBDB}"
EndProject
Global
	GlobalSection(SolutionConfigurationPlatforms) = preSolution
		Debug|Any CPU = Debug|Any CPU
		Release|Any CPU = Release|Any CPU
	EndGlobalSection
	GlobalSection(ProjectConfigurationPlatforms) = postSolution
		{1A95612A-9FED-4FC0-B0B1-159D59F1FBDB}.Debug|Any CPU.ActiveCfg = Debug|Any CPU
		{1A95612A-9FED-4FC0-B0B1-159D59F1FBDB}.Debug|Any CPU.Build.0 = Debug|Any CPU
		{1A95612A-9FED-4FC0-B0B1-159D59F1FBDB}.Release|Any CPU.ActiveCfg = Release|Any CPU
		{1A95612A-9FED-4FC0-B0B1-159D59F1FBDB}.Release|Any CPU.Build.0 = Release|Any CPU
	EndGlobalSection
	GlobalSection(SolutionProperties) = preSolution
		HideSolutionNode = FALSE
	EndGlobalSection
	GlobalSection(ExtensibilityGlobals) = postSolution
		SolutionGuid = {7D3D9583-E826-42B5-A234-77262A6728FE}
	EndGlobalSection
EndGlobal
