
Microsoft Visual Studio Solution File, Format Version 12.00
# Visual Studio Version 16
VisualStudioVersion = 16.0.810.14
MinimumVisualStudioVersion = 10.0.40219.1
Project("{FAE04EC0-301F-11D3-BF4B-00C04F79EFBC}") = "Hilos", "Hilos.csproj", "{A6160AA3-220B-450F-83DD-3FBB5AD5F51F}"
EndProject
Global
	GlobalSection(SolutionConfigurationPlatforms) = preSolution
		Debug|Any CPU = Debug|Any CPU
		Release|Any CPU = Release|Any CPU
	EndGlobalSection
	GlobalSection(ProjectConfigurationPlatforms) = postSolution
		{A6160AA3-220B-450F-83DD-3FBB5AD5F51F}.Debug|Any CPU.ActiveCfg = Debug|Any CPU
		{A6160AA3-220B-450F-83DD-3FBB5AD5F51F}.Debug|Any CPU.Build.0 = Debug|Any CPU
		{A6160AA3-220B-450F-83DD-3FBB5AD5F51F}.Release|Any CPU.ActiveCfg = Release|Any CPU
		{A6160AA3-220B-450F-83DD-3FBB5AD5F51F}.Release|Any CPU.Build.0 = Release|Any CPU
	EndGlobalSection
	GlobalSection(SolutionProperties) = preSolution
		HideSolutionNode = FALSE
	EndGlobalSection
	GlobalSection(ExtensibilityGlobals) = postSolution
		SolutionGuid = {86B9F849-6569-4B86-8FCE-11E8D3DE9913}
	EndGlobalSection
EndGlobal
